
Microsoft Visual Studio Solution File, Format Version 12.00
# Visual Studio Version 17
VisualStudioVersion = 17.6.33723.286
MinimumVisualStudioVersion = 10.0.40219.1
Project("{9A19103F-16F7-4668-BE54-9A1E7A4F7556}") = "McCormackScheme", "McCormackScheme\McCormackScheme.csproj", "{9EED7235-9109-420B-9FD6-692EDF43868B}"
EndProject
Project("{FAE04EC0-301F-11D3-BF4B-00C04F79EFBC}") = "Testing", "Testing\Testing.csproj", "{F4A07C84-8539-4F7E-B511-63DBB73DF360}"
EndProject
Global
	GlobalSection(SolutionConfigurationPlatforms) = preSolution
		Debug|Any CPU = Debug|Any CPU
		Release|Any CPU = Release|Any CPU
	EndGlobalSection
	GlobalSection(ProjectConfigurationPlatforms) = postSolution
		{9EED7235-9109-420B-9FD6-692EDF43868B}.Debug|Any CPU.ActiveCfg = Debug|Any CPU
		{9EED7235-9109-420B-9FD6-692EDF43868B}.Debug|Any CPU.Build.0 = Debug|Any CPU
		{9EED7235-9109-420B-9FD6-692EDF43868B}.Release|Any CPU.ActiveCfg = Release|Any CPU
		{9EED7235-9109-420B-9FD6-692EDF43868B}.Release|Any CPU.Build.0 = Release|Any CPU
		{F4A07C84-8539-4F7E-B511-63DBB73DF360}.Debug|Any CPU.ActiveCfg = Debug|Any CPU
		{F4A07C84-8539-4F7E-B511-63DBB73DF360}.Debug|Any CPU.Build.0 = Debug|Any CPU
		{F4A07C84-8539-4F7E-B511-63DBB73DF360}.Release|Any CPU.ActiveCfg = Release|Any CPU
		{F4A07C84-8539-4F7E-B511-63DBB73DF360}.Release|Any CPU.Build.0 = Release|Any CPU
	EndGlobalSection
	GlobalSection(SolutionProperties) = preSolution
		HideSolutionNode = FALSE
	EndGlobalSection
	GlobalSection(ExtensibilityGlobals) = postSolution
		SolutionGuid = {5D360100-DE90-424E-9AA0-B1C46935D41B}
	EndGlobalSection
EndGlobal
